
Microsoft Visual Studio Solution File, Format Version 12.00
# Visual Studio Version 16
VisualStudioVersion = 16.0.29503.13
MinimumVisualStudioVersion = 10.0.40219.1
Project("{FAE04EC0-301F-11D3-BF4B-00C04F79EFBC}") = "MNIST.Reader", "MNIST.Reader\MNIST.Reader.csproj", "{E1A42BE6-1B45-44BE-B123-7A61EA3E4244}"
EndProject
Global
	GlobalSection(SolutionConfigurationPlatforms) = preSolution
		Debug|Any CPU = Debug|Any CPU
		Release|Any CPU = Release|Any CPU
	EndGlobalSection
	GlobalSection(ProjectConfigurationPlatforms) = postSolution
		{E1A42BE6-1B45-44BE-B123-7A61EA3E4244}.Debug|Any CPU.ActiveCfg = Debug|Any CPU
		{E1A42BE6-1B45-44BE-B123-7A61EA3E4244}.Debug|Any CPU.Build.0 = Debug|Any CPU
		{E1A42BE6-1B45-44BE-B123-7A61EA3E4244}.Release|Any CPU.ActiveCfg = Release|Any CPU
		{E1A42BE6-1B45-44BE-B123-7A61EA3E4244}.Release|Any CPU.Build.0 = Release|Any CPU
	EndGlobalSection
	GlobalSection(SolutionProperties) = preSolution
		HideSolutionNode = FALSE
	EndGlobalSection
	GlobalSection(ExtensibilityGlobals) = postSolution
		SolutionGuid = {A9710EFC-3777-4269-BC4D-D3408ED42F8C}
	EndGlobalSection
EndGlobal
